
Microsoft Visual Studio Solution File, Format Version 12.00
# Visual Studio Version 17
VisualStudioVersion = 17.9.34728.123
MinimumVisualStudioVersion = 10.0.40219.1
Project("{FAE04EC0-301F-11D3-BF4B-00C04F79EFBC}") = "Strategy", "Strategy.csproj", "{FDA74F2A-D688-44B9-8A9B-A2A70C4A7B5D}"
EndProject
Project("{FAE04EC0-301F-11D3-BF4B-00C04F79EFBC}") = "UnitTestProjectStrategy", "..\UnitTestProjectStrategy\UnitTestProjectStrategy.csproj", "{267757E7-68B2-4332-9806-8F717961607D}"
EndProject
Global
	GlobalSection(SolutionConfigurationPlatforms) = preSolution
		Debug|Any CPU = Debug|Any CPU
		Release|Any CPU = Release|Any CPU
	EndGlobalSection
	GlobalSection(ProjectConfigurationPlatforms) = postSolution
		{FDA74F2A-D688-44B9-8A9B-A2A70C4A7B5D}.Debug|Any CPU.ActiveCfg = Debug|Any CPU
		{FDA74F2A-D688-44B9-8A9B-A2A70C4A7B5D}.Debug|Any CPU.Build.0 = Debug|Any CPU
		{FDA74F2A-D688-44B9-8A9B-A2A70C4A7B5D}.Release|Any CPU.ActiveCfg = Release|Any CPU
		{FDA74F2A-D688-44B9-8A9B-A2A70C4A7B5D}.Release|Any CPU.Build.0 = Release|Any CPU
		{267757E7-68B2-4332-9806-8F717961607D}.Debug|Any CPU.ActiveCfg = Debug|Any CPU
		{267757E7-68B2-4332-9806-8F717961607D}.Debug|Any CPU.Build.0 = Debug|Any CPU
		{267757E7-68B2-4332-9806-8F717961607D}.Release|Any CPU.ActiveCfg = Release|Any CPU
		{267757E7-68B2-4332-9806-8F717961607D}.Release|Any CPU.Build.0 = Release|Any CPU
	EndGlobalSection
	GlobalSection(SolutionProperties) = preSolution
		HideSolutionNode = FALSE
	EndGlobalSection
	GlobalSection(ExtensibilityGlobals) = postSolution
		SolutionGuid = {78DA7236-181F-4D11-B353-4574E5820CF7}
	EndGlobalSection
EndGlobal
